
Microsoft Visual Studio Solution File, Format Version 12.00
# Visual Studio Version 17
VisualStudioVersion = 17.14.36408.4
MinimumVisualStudioVersion = 10.0.40219.1
Project("{2150E333-8FDC-42A3-9474-1A3956D46DE8}") = "src", "src", "{02EA681E-C7D8-13C7-8484-4AC65E1B71E8}"
EndProject
Project("{FAE04EC0-301F-11D3-BF4B-00C04F79EFBC}") = "RabbitMq.Messaging", "src\RabbitMq.Messaging\RabbitMq.Messaging\RabbitMq.Messaging.csproj", "{6A2FE2B9-3365-528B-6DAE-26375B074B94}"
EndProject
Project("{2150E333-8FDC-42A3-9474-1A3956D46DE8}") = "examples", "examples", "{453786A3-A565-4D98-ABCE-58AF9511F49E}"
EndProject
Project("{FAE04EC0-301F-11D3-BF4B-00C04F79EFBC}") = "RabbitMq.Example.Api", "examples\RabbitMq.Example.Api\RabbitMq.Example.Api.csproj", "{B97C199E-E347-4215-9714-B0FBCB5F746E}"
EndProject
Project("{FAE04EC0-301F-11D3-BF4B-00C04F79EFBC}") = "RabbitMq.Example.Domain", "examples\RabbitMq.Example.Domain\RabbitMq.Example.Domain.csproj", "{69EACC36-D610-434B-9B66-52890128786B}"
EndProject
Project("{FAE04EC0-301F-11D3-BF4B-00C04F79EFBC}") = "RabbitMq.Example.Workers", "examples\RabbitMq.Example.Workers\RabbitMq.Example.Workers.csproj", "{782C9AD9-6144-4035-8707-18196442B384}"
EndProject
Global
	GlobalSection(SolutionConfigurationPlatforms) = preSolution
		Debug|Any CPU = Debug|Any CPU
		Release|Any CPU = Release|Any CPU
	EndGlobalSection
	GlobalSection(ProjectConfigurationPlatforms) = postSolution
		{6A2FE2B9-3365-528B-6DAE-26375B074B94}.Debug|Any CPU.ActiveCfg = Debug|Any CPU
		{6A2FE2B9-3365-528B-6DAE-26375B074B94}.Debug|Any CPU.Build.0 = Debug|Any CPU
		{6A2FE2B9-3365-528B-6DAE-26375B074B94}.Release|Any CPU.ActiveCfg = Release|Any CPU
		{6A2FE2B9-3365-528B-6DAE-26375B074B94}.Release|Any CPU.Build.0 = Release|Any CPU
		{B97C199E-E347-4215-9714-B0FBCB5F746E}.Debug|Any CPU.ActiveCfg = Debug|Any CPU
		{B97C199E-E347-4215-9714-B0FBCB5F746E}.Debug|Any CPU.Build.0 = Debug|Any CPU
		{B97C199E-E347-4215-9714-B0FBCB5F746E}.Release|Any CPU.ActiveCfg = Release|Any CPU
		{B97C199E-E347-4215-9714-B0FBCB5F746E}.Release|Any CPU.Build.0 = Release|Any CPU
		{69EACC36-D610-434B-9B66-52890128786B}.Debug|Any CPU.ActiveCfg = Debug|Any CPU
		{69EACC36-D610-434B-9B66-52890128786B}.Debug|Any CPU.Build.0 = Debug|Any CPU
		{69EACC36-D610-434B-9B66-52890128786B}.Release|Any CPU.ActiveCfg = Release|Any CPU
		{69EACC36-D610-434B-9B66-52890128786B}.Release|Any CPU.Build.0 = Release|Any CPU
		{782C9AD9-6144-4035-8707-18196442B384}.Debug|Any CPU.ActiveCfg = Debug|Any CPU
		{782C9AD9-6144-4035-8707-18196442B384}.Debug|Any CPU.Build.0 = Debug|Any CPU
		{782C9AD9-6144-4035-8707-18196442B384}.Release|Any CPU.ActiveCfg = Release|Any CPU
		{782C9AD9-6144-4035-8707-18196442B384}.Release|Any CPU.Build.0 = Release|Any CPU
	EndGlobalSection
	GlobalSection(SolutionProperties) = preSolution
		HideSolutionNode = FALSE
	EndGlobalSection
	GlobalSection(NestedProjects) = preSolution
		{6A2FE2B9-3365-528B-6DAE-26375B074B94} = {02EA681E-C7D8-13C7-8484-4AC65E1B71E8}
		{B97C199E-E347-4215-9714-B0FBCB5F746E} = {453786A3-A565-4D98-ABCE-58AF9511F49E}
		{69EACC36-D610-434B-9B66-52890128786B} = {453786A3-A565-4D98-ABCE-58AF9511F49E}
		{782C9AD9-6144-4035-8707-18196442B384} = {453786A3-A565-4D98-ABCE-58AF9511F49E}
	EndGlobalSection
	GlobalSection(ExtensibilityGlobals) = postSolution
		SolutionGuid = {9AFA5EDF-C2CB-4CC8-89DB-CF8B545AB19E}
	EndGlobalSection
EndGlobal
